{
  "version": 4,
  "terraform_version": "1.4.0",
  "serial": 190,
  "lineage": "3d29f301-c473-b37b-3a49-2357b0a7080e",
  "outputs": {},
  "resources": [
    {
      "mode": "data",
      "type": "discord_permission",
      "name": "team_member",
      "provider": "provider[\"registry.terraform.io/aequasi/discord\"]",
      "instances": [
        {
          "schema_version": 0,
          "attributes": {
            "add_reactions": "unset",
            "administrator": "unset",
            "allow_bits": 8192,
            "allow_extends": null,
            "attach_files": "unset",
            "ban_members": "unset",
            "change_nickname": "unset",
            "connect": "unset",
            "create_instant_invite": "unset",
            "deafen_members": "unset",
            "deny_bits": 0,
            "deny_extends": null,
            "embed_links": "unset",
            "id": "1813437781",
            "kick_members": "unset",
            "manage_channels": "unset",
            "manage_emojis": "unset",
            "manage_guild": "unset",
            "manage_messages": "allow",
            "manage_nicknames": "unset",
            "manage_roles": "unset",
            "manage_webhooks": "unset",
            "mention_everyone": "unset",
            "move_members": "unset",
            "mute_members": "unset",
            "priority_speaker": "unset",
            "read_message_history": "unset",
            "send_messages": "unset",
            "send_tts_messages": "unset",
            "speak": "unset",
            "stream": "unset",
            "use_external_emojis": "unset",
            "use_vad": "unset",
            "view_audit_log": "unset",
            "view_channel": "unset",
            "view_guild_insights": "unset"
          },
          "sensitive_attributes": []
        }
      ]
    },
    {
      "mode": "managed",
      "type": "discord_category_channel",
      "name": "A123456_category",
      "provider": "provider[\"registry.terraform.io/aequasi/discord\"]",
      "instances": [
        {
          "schema_version": 0,
          "attributes": {
            "id": "1084309635114209300",
            "name": "A123456 Gambling Den",
            "position": 1,
            "server_id": "1062609208106832002",
            "type": "category"
          },
          "sensitive_attributes": [],
          "private": "bnVsbA=="
        }
      ]
    },
    {
      "mode": "managed",
      "type": "discord_category_channel",
      "name": "BKKRewardHunter_category",
      "provider": "provider[\"registry.terraform.io/aequasi/discord\"]",
      "instances": [
        {
          "schema_version": 0,
          "attributes": {
            "id": "1085797861666603110",
            "name": "BKK Reward Hunter",
            "position": 1,
            "server_id": "1062609208106832002",
            "type": "category"
          },
          "sensitive_attributes": [],
          "private": "bnVsbA=="
        }
      ]
    },
    {
      "mode": "managed",
      "type": "discord_category_channel",
      "name": "bankforthepoor_category",
      "provider": "provider[\"registry.terraform.io/aequasi/discord\"]",
      "instances": [
        {
          "schema_version": 0,
          "attributes": {
            "id": "1079339533360967760",
            "name": "Bank4all",
            "position": 1,
            "server_id": "1062609208106832002",
            "type": "category"
          },
          "sensitive_attributes": [],
          "private": "bnVsbA=="
        }
      ]
    },
    {
      "mode": "managed",
      "type": "discord_category_channel",
      "name": "bkkchangelog_category",
      "provider": "provider[\"registry.terraform.io/aequasi/discord\"]",
      "instances": [
        {
          "schema_version": 0,
          "attributes": {
            "id": "1079340090335170611",
            "name": "bkkchangelog",
            "position": 1,
            "server_id": "1062609208106832002",
            "type": "category"
          },
          "sensitive_attributes": [],
          "private": "bnVsbA=="
        }
      ]
    },
    {
      "mode": "managed",
      "type": "discord_category_channel",
      "name": "fillyouintheblank_category",
      "provider": "provider[\"registry.terraform.io/aequasi/discord\"]",
      "instances": [
        {
          "schema_version": 0,
          "attributes": {
            "id": "1079339713539866694",
            "name": "Fill You In The Blank",
            "position": 1,
            "server_id": "1062609208106832002",
            "type": "category"
          },
          "sensitive_attributes": [],
          "private": "bnVsbA=="
        }
      ]
    },
    {
      "mode": "managed",
      "type": "discord_category_channel",
      "name": "greenspaces_category",
      "provider": "provider[\"registry.terraform.io/aequasi/discord\"]",
      "instances": [
        {
          "schema_version": 0,
          "attributes": {
            "id": "1079339057840144414",
            "name": "Green Population",
            "position": 1,
            "server_id": "1062609208106832002",
            "type": "category"
          },
          "sensitive_attributes": [],
          "private": "bnVsbA=="
        }
      ]
    },
    {
      "mode": "managed",
      "type": "discord_category_channel",
      "name": "mobility4all_category",
      "provider": "provider[\"registry.terraform.io/aequasi/discord\"]",
      "instances": [
        {
          "schema_version": 0,
          "attributes": {
            "id": "1079694054578716773",
            "name": "Mobility4All",
            "position": 1,
            "server_id": "1062609208106832002",
            "type": "category"
          },
          "sensitive_attributes": [],
          "private": "bnVsbA=="
        }
      ]
    },
    {
      "mode": "managed",
      "type": "discord_category_channel",
      "name": "policytracka_category",
      "provider": "provider[\"registry.terraform.io/aequasi/discord\"]",
      "instances": [
        {
          "schema_version": 0,
          "attributes": {
            "id": "1079365252841484390",
            "name": "policytracka",
            "position": 1,
            "server_id": "1062609208106832002",
            "type": "category"
          },
          "sensitive_attributes": [],
          "private": "bnVsbA=="
        }
      ]
    },
    {
      "mode": "managed",
      "type": "discord_category_channel",
      "name": "ratchagitja_category",
      "provider": "provider[\"registry.terraform.io/aequasi/discord\"]",
      "instances": [
        {
          "schema_version": 0,
          "attributes": {
            "id": "1079338842672353320",
            "name": "Ratchagitja",
            "position": 1,
            "server_id": "1062609208106832002",
            "type": "category"
          },
          "sensitive_attributes": [],
          "private": "bnVsbA=="
        }
      ]
    },
    {
      "mode": "managed",
      "type": "discord_category_channel",
      "name": "smarttrafficlights_category",
      "provider": "provider[\"registry.terraform.io/aequasi/discord\"]",
      "instances": [
        {
          "schema_version": 0,
          "attributes": {
            "id": "1079339953890283531",
            "name": "Smart Traffic Lights",
            "position": 1,
            "server_id": "1062609208106832002",
            "type": "category"
          },
          "sensitive_attributes": [],
          "private": "bnVsbA=="
        }
      ]
    },
    {
      "mode": "managed",
      "type": "discord_category_channel",
      "name": "spendingvisualizer_category",
      "provider": "provider[\"registry.terraform.io/aequasi/discord\"]",
      "instances": [
        {
          "schema_version": 0,
          "attributes": {
            "id": "1083352065650204756",
            "name": "Spending Visualizer",
            "position": 1,
            "server_id": "1062609208106832002",
            "type": "category"
          },
          "sensitive_attributes": [],
          "private": "bnVsbA=="
        }
      ]
    },
    {
      "mode": "managed",
      "type": "discord_category_channel",
      "name": "thailandarearanking_category",
      "provider": "provider[\"registry.terraform.io/aequasi/discord\"]",
      "instances": [
        {
          "schema_version": 0,
          "attributes": {
            "id": "1084432658563608667",
            "name": "Thailand Area Ranking",
            "position": 1,
            "server_id": "1062609208106832002",
            "type": "category"
          },
          "sensitive_attributes": [],
          "private": "bnVsbA=="
        }
      ]
    },
    {
      "mode": "managed",
      "type": "discord_channel_permission",
      "name": "A123456_rolepermission",
      "provider": "provider[\"registry.terraform.io/aequasi/discord\"]",
      "instances": [
        {
          "schema_version": 0,
          "attributes": {
            "allow": 8192,
            "channel_id": "1084309635114209300",
            "deny": null,
            "id": "1540735778",
            "overwrite_id": "1084309635340714004",
            "type": "role"
          },
          "sensitive_attributes": [],
          "private": "bnVsbA==",
          "dependencies": [
            "data.discord_permission.team_member",
            "discord_category_channel.A123456_category",
            "discord_role.A123456_role"
          ]
        }
      ]
    },
    {
      "mode": "managed",
      "type": "discord_channel_permission",
      "name": "BKKRewardHunter_rolepermission",
      "provider": "provider[\"registry.terraform.io/aequasi/discord\"]",
      "instances": [
        {
          "schema_version": 0,
          "attributes": {
            "allow": 8192,
            "channel_id": "1085797861666603110",
            "deny": null,
            "id": "1585202690",
            "overwrite_id": "1085797862228643840",
            "type": "role"
          },
          "sensitive_attributes": [],
          "private": "bnVsbA==",
          "dependencies": [
            "data.discord_permission.team_member",
            "discord_category_channel.BKKRewardHunter_category",
            "discord_role.BKKRewardHunter_role"
          ]
        }
      ]
    },
    {
      "mode": "managed",
      "type": "discord_channel_permission",
      "name": "bankforthepoor_rolepermission",
      "provider": "provider[\"registry.terraform.io/aequasi/discord\"]",
      "instances": [
        {
          "schema_version": 0,
          "attributes": {
            "allow": 8192,
            "channel_id": "1079339533360967760",
            "deny": null,
            "id": "3907960241",
            "overwrite_id": "1079344565439451208",
            "type": "role"
          },
          "sensitive_attributes": [],
          "private": "bnVsbA==",
          "dependencies": [
            "data.discord_permission.team_member",
            "discord_category_channel.bankforthepoor_category",
            "discord_role.bankforthepoor_role"
          ]
        }
      ]
    },
    {
      "mode": "managed",
      "type": "discord_channel_permission",
      "name": "bkkchangelog_rolepermission",
      "provider": "provider[\"registry.terraform.io/aequasi/discord\"]",
      "instances": [
        {
          "schema_version": 0,
          "attributes": {
            "allow": 8192,
            "channel_id": "1079340090335170611",
            "deny": null,
            "id": "1734143797",
            "overwrite_id": "1079344564013383680",
            "type": "role"
          },
          "sensitive_attributes": [],
          "private": "bnVsbA==",
          "dependencies": [
            "data.discord_permission.team_member",
            "discord_category_channel.bkkchangelog_category",
            "discord_role.bkkchangelog_role"
          ]
        }
      ]
    },
    {
      "mode": "managed",
      "type": "discord_channel_permission",
      "name": "fillyouintheblank_rolepermission",
      "provider": "provider[\"registry.terraform.io/aequasi/discord\"]",
      "instances": [
        {
          "schema_version": 0,
          "attributes": {
            "allow": 8192,
            "channel_id": "1079339713539866694",
            "deny": null,
            "id": "2451166863",
            "overwrite_id": "1079344566081159208",
            "type": "role"
          },
          "sensitive_attributes": [],
          "private": "bnVsbA==",
          "dependencies": [
            "data.discord_permission.team_member",
            "discord_category_channel.fillyouintheblank_category",
            "discord_role.fillyouintheblank_role"
          ]
        }
      ]
    },
    {
      "mode": "managed",
      "type": "discord_channel_permission",
      "name": "greenspaces_rolepermission",
      "provider": "provider[\"registry.terraform.io/aequasi/discord\"]",
      "instances": [
        {
          "schema_version": 0,
          "attributes": {
            "allow": 8192,
            "channel_id": "1079339057840144414",
            "deny": null,
            "id": "2560416371",
            "overwrite_id": "1079344564311162992",
            "type": "role"
          },
          "sensitive_attributes": [],
          "private": "bnVsbA==",
          "dependencies": [
            "data.discord_permission.team_member",
            "discord_category_channel.greenspaces_category",
            "discord_role.greenspaces_role"
          ]
        }
      ]
    },
    {
      "mode": "managed",
      "type": "discord_channel_permission",
      "name": "mobility4all_rolepermission",
      "provider": "provider[\"registry.terraform.io/aequasi/discord\"]",
      "instances": [
        {
          "schema_version": 0,
          "attributes": {
            "allow": 8192,
            "channel_id": "1079694054578716773",
            "deny": null,
            "id": "1265296763",
            "overwrite_id": "1079694055014940742",
            "type": "role"
          },
          "sensitive_attributes": [],
          "private": "bnVsbA==",
          "dependencies": [
            "data.discord_permission.team_member",
            "discord_category_channel.mobility4all_category",
            "discord_role.mobility4all_role"
          ]
        }
      ]
    },
    {
      "mode": "managed",
      "type": "discord_channel_permission",
      "name": "policytracka_rolepermission",
      "provider": "provider[\"registry.terraform.io/aequasi/discord\"]",
      "instances": [
        {
          "schema_version": 0,
          "attributes": {
            "allow": 8192,
            "channel_id": "1079365252841484390",
            "deny": null,
            "id": "3919898397",
            "overwrite_id": "1079365253353181254",
            "type": "role"
          },
          "sensitive_attributes": [],
          "private": "bnVsbA==",
          "dependencies": [
            "data.discord_permission.team_member",
            "discord_category_channel.policytracka_category",
            "discord_role.policytracka_role"
          ]
        }
      ]
    },
    {
      "mode": "managed",
      "type": "discord_channel_permission",
      "name": "ratchagitja_rolepermission",
      "provider": "provider[\"registry.terraform.io/aequasi/discord\"]",
      "instances": [
        {
          "schema_version": 0,
          "attributes": {
            "allow": 8192,
            "channel_id": "1079338842672353320",
            "deny": null,
            "id": "95657838",
            "overwrite_id": "1079344563166122034",
            "type": "role"
          },
          "sensitive_attributes": [],
          "private": "bnVsbA==",
          "dependencies": [
            "data.discord_permission.team_member",
            "discord_category_channel.ratchagitja_category",
            "discord_role.ratchagitja_role"
          ]
        }
      ]
    },
    {
      "mode": "managed",
      "type": "discord_channel_permission",
      "name": "smarttrafficlights_rolepermission",
      "provider": "provider[\"registry.terraform.io/aequasi/discord\"]",
      "instances": [
        {
          "schema_version": 0,
          "attributes": {
            "allow": 8192,
            "channel_id": "1079339953890283531",
            "deny": null,
            "id": "65937076",
            "overwrite_id": "1079344566639005777",
            "type": "role"
          },
          "sensitive_attributes": [],
          "private": "bnVsbA==",
          "dependencies": [
            "data.discord_permission.team_member",
            "discord_category_channel.smarttrafficlights_category",
            "discord_role.smarttrafficlights_role"
          ]
        }
      ]
    },
    {
      "mode": "managed",
      "type": "discord_channel_permission",
      "name": "spendingvisualizer_rolepermission",
      "provider": "provider[\"registry.terraform.io/aequasi/discord\"]",
      "instances": [
        {
          "schema_version": 0,
          "attributes": {
            "allow": 8192,
            "channel_id": "1083352065650204756",
            "deny": null,
            "id": "1820584070",
            "overwrite_id": "1083352066396794962",
            "type": "role"
          },
          "sensitive_attributes": [],
          "private": "bnVsbA==",
          "dependencies": [
            "data.discord_permission.team_member",
            "discord_category_channel.spendingvisualizer_category",
            "discord_role.spendingvisualizer_role"
          ]
        }
      ]
    },
    {
      "mode": "managed",
      "type": "discord_channel_permission",
      "name": "thailandarearanking_rolepermission",
      "provider": "provider[\"registry.terraform.io/aequasi/discord\"]",
      "instances": [
        {
          "schema_version": 0,
          "attributes": {
            "allow": 8192,
            "channel_id": "1084432658563608667",
            "deny": null,
            "id": "900669925",
            "overwrite_id": "1084432659155001415",
            "type": "role"
          },
          "sensitive_attributes": [],
          "private": "bnVsbA==",
          "dependencies": [
            "data.discord_permission.team_member",
            "discord_category_channel.thailandarearanking_category",
            "discord_role.thailandarearanking_role"
          ]
        }
      ]
    },
    {
      "mode": "managed",
      "type": "discord_message",
      "name": "A123456_rolemessage",
      "provider": "provider[\"registry.terraform.io/aequasi/discord\"]",
      "instances": [
        {
          "schema_version": 0,
          "attributes": {
            "author": "1079315854245765160",
            "channel_id": "1084309635768520856",
            "content": "Welcome to the **A123456 Gambling Den** project! (React to this message to join.)",
            "edited_timestamp": null,
            "embed": [],
            "id": "1084309636531892315",
            "pinned": false,
            "server_id": null,
            "timestamp": "2023-03-12T02:59:22Z",
            "tts": false,
            "type": 0
          },
          "sensitive_attributes": [],
          "private": "bnVsbA==",
          "dependencies": [
            "discord_category_channel.A123456_category",
            "discord_text_channel.A123456_text"
          ]
        }
      ]
    },
    {
      "mode": "managed",
      "type": "discord_message",
      "name": "BKKRewardHunter_rolemessage",
      "provider": "provider[\"registry.terraform.io/aequasi/discord\"]",
      "instances": [
        {
          "schema_version": 0,
          "attributes": {
            "author": "1079315854245765160",
            "channel_id": "1085797863151374386",
            "content": "Welcome to the **BKK Reward Hunter** project! (React to this message to join.)",
            "edited_timestamp": null,
            "embed": [],
            "id": "1085797864258687056",
            "pinned": false,
            "server_id": null,
            "timestamp": "2023-03-16T05:33:03Z",
            "tts": false,
            "type": 0
          },
          "sensitive_attributes": [],
          "private": "bnVsbA==",
          "dependencies": [
            "discord_category_channel.BKKRewardHunter_category",
            "discord_text_channel.BKKRewardHunter_text"
          ]
        }
      ]
    },
    {
      "mode": "managed",
      "type": "discord_message",
      "name": "bankforthepoor_rolemessage",
      "provider": "provider[\"registry.terraform.io/aequasi/discord\"]",
      "instances": [
        {
          "schema_version": 0,
          "attributes": {
            "author": "1079315854245765160",
            "channel_id": "1079339535349055538",
            "content": "Welcome to the **Bank4all** project! (React to this message to join.)",
            "edited_timestamp": "2023-03-11T16:58:26Z",
            "embed": [],
            "id": "1079344564470562918",
            "pinned": false,
            "server_id": null,
            "timestamp": "2023-02-26T10:09:57Z",
            "tts": false,
            "type": 0
          },
          "sensitive_attributes": [],
          "private": "bnVsbA==",
          "dependencies": [
            "discord_category_channel.bankforthepoor_category",
            "discord_text_channel.bankforthepoor_text"
          ]
        }
      ]
    },
    {
      "mode": "managed",
      "type": "discord_message",
      "name": "bkkchangelog_rolemessage",
      "provider": "provider[\"registry.terraform.io/aequasi/discord\"]",
      "instances": [
        {
          "schema_version": 0,
          "attributes": {
            "author": "1079315854245765160",
            "channel_id": "1079340091979333714",
            "content": "Welcome to the **bkkchangelog** project! (React to this message to join.)",
            "edited_timestamp": null,
            "embed": [],
            "id": "1079344562662801458",
            "pinned": false,
            "server_id": null,
            "timestamp": "2023-02-26T10:09:56Z",
            "tts": false,
            "type": 0
          },
          "sensitive_attributes": [],
          "private": "bnVsbA==",
          "dependencies": [
            "discord_category_channel.bkkchangelog_category",
            "discord_text_channel.bkkchangelog_text"
          ]
        }
      ]
    },
    {
      "mode": "managed",
      "type": "discord_message",
      "name": "fillyouintheblank_rolemessage",
      "provider": "provider[\"registry.terraform.io/aequasi/discord\"]",
      "instances": [
        {
          "schema_version": 0,
          "attributes": {
            "author": "1079315854245765160",
            "channel_id": "1079339715230183484",
            "content": "Welcome to the **Fill You In The Blank** project! (React to this message to join.)",
            "edited_timestamp": null,
            "embed": [],
            "id": "1079344562625060915",
            "pinned": false,
            "server_id": null,
            "timestamp": "2023-02-26T10:09:56Z",
            "tts": false,
            "type": 0
          },
          "sensitive_attributes": [],
          "private": "bnVsbA==",
          "dependencies": [
            "discord_category_channel.fillyouintheblank_category",
            "discord_text_channel.fillyouintheblank_text"
          ]
        }
      ]
    },
    {
      "mode": "managed",
      "type": "discord_message",
      "name": "greenspaces_rolemessage",
      "provider": "provider[\"registry.terraform.io/aequasi/discord\"]",
      "instances": [
        {
          "schema_version": 0,
          "attributes": {
            "author": "1079315854245765160",
            "channel_id": "1079339059593351220",
            "content": "Welcome to the **Green Population** project! (React to this message to join.)",
            "edited_timestamp": "2023-02-26T10:33:31Z",
            "embed": [],
            "id": "1079344562734120970",
            "pinned": false,
            "server_id": null,
            "timestamp": "2023-02-26T10:09:57Z",
            "tts": false,
            "type": 0
          },
          "sensitive_attributes": [],
          "private": "bnVsbA==",
          "dependencies": [
            "discord_category_channel.greenspaces_category",
            "discord_text_channel.greenspaces_text"
          ]
        }
      ]
    },
    {
      "mode": "managed",
      "type": "discord_message",
      "name": "mobility4all_rolemessage",
      "provider": "provider[\"registry.terraform.io/aequasi/discord\"]",
      "instances": [
        {
          "schema_version": 0,
          "attributes": {
            "author": "1079315854245765160",
            "channel_id": "1079694055472119888",
            "content": "Welcome to the **Mobility4All** project! (React to this message to join.)",
            "edited_timestamp": null,
            "embed": [],
            "id": "1079694056596181012",
            "pinned": false,
            "server_id": null,
            "timestamp": "2023-02-27T09:18:42Z",
            "tts": false,
            "type": 0
          },
          "sensitive_attributes": [],
          "private": "bnVsbA==",
          "dependencies": [
            "discord_category_channel.mobility4all_category",
            "discord_text_channel.mobility4all_text"
          ]
        }
      ]
    },
    {
      "mode": "managed",
      "type": "discord_message",
      "name": "policytracka_rolemessage",
      "provider": "provider[\"registry.terraform.io/aequasi/discord\"]",
      "instances": [
        {
          "schema_version": 0,
          "attributes": {
            "author": "1079315854245765160",
            "channel_id": "1079365254112354335",
            "content": "Welcome to the **policytracka** project! (React to this message to join.)",
            "edited_timestamp": null,
            "embed": [],
            "id": "1079365255706181632",
            "pinned": false,
            "server_id": null,
            "timestamp": "2023-02-26T11:32:10Z",
            "tts": false,
            "type": 0
          },
          "sensitive_attributes": [],
          "private": "bnVsbA==",
          "dependencies": [
            "discord_category_channel.policytracka_category",
            "discord_text_channel.policytracka_text"
          ]
        }
      ]
    },
    {
      "mode": "managed",
      "type": "discord_message",
      "name": "ratchagitja_rolemessage",
      "provider": "provider[\"registry.terraform.io/aequasi/discord\"]",
      "instances": [
        {
          "schema_version": 0,
          "attributes": {
            "author": "1079315854245765160",
            "channel_id": "1079338844425564230",
            "content": "Welcome to the **Ratchagitja** project! (React to this message to join.)",
            "edited_timestamp": null,
            "embed": [],
            "id": "1079344562675392513",
            "pinned": false,
            "server_id": null,
            "timestamp": "2023-02-26T10:09:56Z",
            "tts": false,
            "type": 0
          },
          "sensitive_attributes": [],
          "private": "bnVsbA==",
          "dependencies": [
            "discord_category_channel.ratchagitja_category",
            "discord_text_channel.ratchagitja_text"
          ]
        }
      ]
    },
    {
      "mode": "managed",
      "type": "discord_message",
      "name": "smarttrafficlights_rolemessage",
      "provider": "provider[\"registry.terraform.io/aequasi/discord\"]",
      "instances": [
        {
          "schema_version": 0,
          "attributes": {
            "author": "1079315854245765160",
            "channel_id": "1079339955890962502",
            "content": "Welcome to the **Smart Traffic Lights** project! (React to this message to join.)",
            "edited_timestamp": null,
            "embed": [],
            "id": "1079344562528591944",
            "pinned": false,
            "server_id": null,
            "timestamp": "2023-02-26T10:09:56Z",
            "tts": false,
            "type": 0
          },
          "sensitive_attributes": [],
          "private": "bnVsbA==",
          "dependencies": [
            "discord_category_channel.smarttrafficlights_category",
            "discord_text_channel.smarttrafficlights_text"
          ]
        }
      ]
    },
    {
      "mode": "managed",
      "type": "discord_message",
      "name": "spendingvisualizer_rolemessage",
      "provider": "provider[\"registry.terraform.io/aequasi/discord\"]",
      "instances": [
        {
          "schema_version": 0,
          "attributes": {
            "author": "1079315854245765160",
            "channel_id": "1083352066694582372",
            "content": "Welcome to the **Spending Visualizer** project! (React to this message to join.)",
            "edited_timestamp": null,
            "embed": [],
            "id": "1083352068024184892",
            "pinned": false,
            "server_id": null,
            "timestamp": "2023-03-09T11:34:20Z",
            "tts": false,
            "type": 0
          },
          "sensitive_attributes": [],
          "private": "bnVsbA==",
          "dependencies": [
            "discord_category_channel.spendingvisualizer_category",
            "discord_text_channel.spendingvisualizer_text"
          ]
        }
      ]
    },
    {
      "mode": "managed",
      "type": "discord_message",
      "name": "thailandarearanking_rolemessage",
      "provider": "provider[\"registry.terraform.io/aequasi/discord\"]",
      "instances": [
        {
          "schema_version": 0,
          "attributes": {
            "author": "1079315854245765160",
            "channel_id": "1084432659385679983",
            "content": "Welcome to the **Thailand Area Ranking** project! (React to this message to join.)",
            "edited_timestamp": null,
            "embed": [],
            "id": "1084432660560105512",
            "pinned": false,
            "server_id": null,
            "timestamp": "2023-03-12T11:08:14Z",
            "tts": false,
            "type": 0
          },
          "sensitive_attributes": [],
          "private": "bnVsbA==",
          "dependencies": [
            "discord_category_channel.thailandarearanking_category",
            "discord_text_channel.thailandarearanking_text"
          ]
        }
      ]
    },
    {
      "mode": "managed",
      "type": "discord_role",
      "name": "A123456_role",
      "provider": "provider[\"registry.terraform.io/aequasi/discord\"]",
      "instances": [
        {
          "schema_version": 0,
          "attributes": {
            "color": 13388236,
            "hoist": false,
            "id": "1084309635340714004",
            "managed": false,
            "mentionable": true,
            "name": "proj-a123456",
            "permissions": 0,
            "position": 1,
            "server_id": "1062609208106832002"
          },
          "sensitive_attributes": [],
          "private": "bnVsbA=="
        }
      ]
    },
    {
      "mode": "managed",
      "type": "discord_role",
      "name": "BKKRewardHunter_role",
      "provider": "provider[\"registry.terraform.io/aequasi/discord\"]",
      "instances": [
        {
          "schema_version": 0,
          "attributes": {
            "color": 4836425,
            "hoist": false,
            "id": "1085797862228643840",
            "managed": false,
            "mentionable": true,
            "name": "proj-bkk-reward-hunter",
            "permissions": 0,
            "position": 1,
            "server_id": "1062609208106832002"
          },
          "sensitive_attributes": [],
          "private": "bnVsbA=="
        }
      ]
    },
    {
      "mode": "managed",
      "type": "discord_role",
      "name": "bankforthepoor_role",
      "provider": "provider[\"registry.terraform.io/aequasi/discord\"]",
      "instances": [
        {
          "schema_version": 0,
          "attributes": {
            "color": 13421641,
            "hoist": false,
            "id": "1079344565439451208",
            "managed": false,
            "mentionable": true,
            "name": "proj-bank4all",
            "permissions": 0,
            "position": 2,
            "server_id": "1062609208106832002"
          },
          "sensitive_attributes": [],
          "private": "bnVsbA=="
        }
      ]
    },
    {
      "mode": "managed",
      "type": "discord_role",
      "name": "bkkchangelog_role",
      "provider": "provider[\"registry.terraform.io/aequasi/discord\"]",
      "instances": [
        {
          "schema_version": 0,
          "attributes": {
            "color": 4836556,
            "hoist": false,
            "id": "1079344564013383680",
            "managed": false,
            "mentionable": true,
            "name": "proj-bkkchangelog",
            "permissions": 0,
            "position": 2,
            "server_id": "1062609208106832002"
          },
          "sensitive_attributes": [],
          "private": "bnVsbA=="
        }
      ]
    },
    {
      "mode": "managed",
      "type": "discord_role",
      "name": "fillyouintheblank_role",
      "provider": "provider[\"registry.terraform.io/aequasi/discord\"]",
      "instances": [
        {
          "schema_version": 0,
          "attributes": {
            "color": 13421641,
            "hoist": false,
            "id": "1079344566081159208",
            "managed": false,
            "mentionable": true,
            "name": "proj-fill-you-in-the-blank",
            "permissions": 0,
            "position": 3,
            "server_id": "1062609208106832002"
          },
          "sensitive_attributes": [],
          "private": "bnVsbA=="
        }
      ]
    },
    {
      "mode": "managed",
      "type": "discord_role",
      "name": "greenspaces_role",
      "provider": "provider[\"registry.terraform.io/aequasi/discord\"]",
      "instances": [
        {
          "schema_version": 0,
          "attributes": {
            "color": 13388105,
            "hoist": false,
            "id": "1079344564311162992",
            "managed": false,
            "mentionable": true,
            "name": "proj-green-population",
            "permissions": 0,
            "position": 1,
            "server_id": "1062609208106832002"
          },
          "sensitive_attributes": [],
          "private": "bnVsbA=="
        }
      ]
    },
    {
      "mode": "managed",
      "type": "discord_role",
      "name": "mobility4all_role",
      "provider": "provider[\"registry.terraform.io/aequasi/discord\"]",
      "instances": [
        {
          "schema_version": 0,
          "attributes": {
            "color": 4803020,
            "hoist": false,
            "id": "1079694055014940742",
            "managed": false,
            "mentionable": true,
            "name": "proj-mobility4all",
            "permissions": 0,
            "position": 1,
            "server_id": "1062609208106832002"
          },
          "sensitive_attributes": [],
          "private": "bnVsbA=="
        }
      ]
    },
    {
      "mode": "managed",
      "type": "discord_role",
      "name": "policytracka_role",
      "provider": "provider[\"registry.terraform.io/aequasi/discord\"]",
      "instances": [
        {
          "schema_version": 0,
          "attributes": {
            "color": 4836556,
            "hoist": false,
            "id": "1079365253353181254",
            "managed": false,
            "mentionable": true,
            "name": "proj-policytracka",
            "permissions": 0,
            "position": 1,
            "server_id": "1062609208106832002"
          },
          "sensitive_attributes": [],
          "private": "bnVsbA=="
        }
      ]
    },
    {
      "mode": "managed",
      "type": "discord_role",
      "name": "ratchagitja_role",
      "provider": "provider[\"registry.terraform.io/aequasi/discord\"]",
      "instances": [
        {
          "schema_version": 0,
          "attributes": {
            "color": 13388105,
            "hoist": false,
            "id": "1079344563166122034",
            "managed": false,
            "mentionable": true,
            "name": "proj-ratchagitja",
            "permissions": 0,
            "position": 3,
            "server_id": "1062609208106832002"
          },
          "sensitive_attributes": [],
          "private": "bnVsbA=="
        }
      ]
    },
    {
      "mode": "managed",
      "type": "discord_role",
      "name": "smarttrafficlights_role",
      "provider": "provider[\"registry.terraform.io/aequasi/discord\"]",
      "instances": [
        {
          "schema_version": 0,
          "attributes": {
            "color": 4836425,
            "hoist": false,
            "id": "1079344566639005777",
            "managed": false,
            "mentionable": true,
            "name": "proj-smart-traffic-lights",
            "permissions": 0,
            "position": 2,
            "server_id": "1062609208106832002"
          },
          "sensitive_attributes": [],
          "private": "bnVsbA=="
        }
      ]
    },
    {
      "mode": "managed",
      "type": "discord_role",
      "name": "spendingvisualizer_role",
      "provider": "provider[\"registry.terraform.io/aequasi/discord\"]",
      "instances": [
        {
          "schema_version": 0,
          "attributes": {
            "color": 4803020,
            "hoist": false,
            "id": "1083352066396794962",
            "managed": false,
            "mentionable": true,
            "name": "proj-spending-visualizer",
            "permissions": 0,
            "position": 1,
            "server_id": "1062609208106832002"
          },
          "sensitive_attributes": [],
          "private": "bnVsbA=="
        }
      ]
    },
    {
      "mode": "managed",
      "type": "discord_role",
      "name": "thailandarearanking_role",
      "provider": "provider[\"registry.terraform.io/aequasi/discord\"]",
      "instances": [
        {
          "schema_version": 0,
          "attributes": {
            "color": 13388236,
            "hoist": false,
            "id": "1084432659155001415",
            "managed": false,
            "mentionable": true,
            "name": "proj-thailand-area-ranking",
            "permissions": 0,
            "position": 1,
            "server_id": "1062609208106832002"
          },
          "sensitive_attributes": [],
          "private": "bnVsbA=="
        }
      ]
    },
    {
      "mode": "managed",
      "type": "discord_text_channel",
      "name": "A123456_text",
      "provider": "provider[\"registry.terraform.io/aequasi/discord\"]",
      "instances": [
        {
          "schema_version": 0,
          "attributes": {
            "category": "1084309635114209300",
            "id": "1084309635768520856",
            "name": "a123456",
            "nsfw": false,
            "position": 1,
            "server_id": "1062609208106832002",
            "sync_perms_with_category": true,
            "topic": null,
            "type": "text"
          },
          "sensitive_attributes": [],
          "private": "bnVsbA==",
          "dependencies": [
            "discord_category_channel.A123456_category"
          ]
        }
      ]
    },
    {
      "mode": "managed",
      "type": "discord_text_channel",
      "name": "BKKRewardHunter_text",
      "provider": "provider[\"registry.terraform.io/aequasi/discord\"]",
      "instances": [
        {
          "schema_version": 0,
          "attributes": {
            "category": "1085797861666603110",
            "id": "1085797863151374386",
            "name": "bkk-reward-hunter",
            "nsfw": false,
            "position": 1,
            "server_id": "1062609208106832002",
            "sync_perms_with_category": true,
            "topic": null,
            "type": "text"
          },
          "sensitive_attributes": [],
          "private": "bnVsbA==",
          "dependencies": [
            "discord_category_channel.BKKRewardHunter_category"
          ]
        }
      ]
    },
    {
      "mode": "managed",
      "type": "discord_text_channel",
      "name": "bankforthepoor_text",
      "provider": "provider[\"registry.terraform.io/aequasi/discord\"]",
      "instances": [
        {
          "schema_version": 0,
          "attributes": {
            "category": "1079339533360967760",
            "id": "1079339535349055538",
            "name": "bank4all",
            "nsfw": false,
            "position": 1,
            "server_id": "1062609208106832002",
            "sync_perms_with_category": true,
            "topic": "",
            "type": "text"
          },
          "sensitive_attributes": [],
          "private": "bnVsbA==",
          "dependencies": [
            "discord_category_channel.bankforthepoor_category"
          ]
        }
      ]
    },
    {
      "mode": "managed",
      "type": "discord_text_channel",
      "name": "bkkchangelog_text",
      "provider": "provider[\"registry.terraform.io/aequasi/discord\"]",
      "instances": [
        {
          "schema_version": 0,
          "attributes": {
            "category": "1079340090335170611",
            "id": "1079340091979333714",
            "name": "bkkchangelog",
            "nsfw": false,
            "position": 1,
            "server_id": "1062609208106832002",
            "sync_perms_with_category": true,
            "topic": "",
            "type": "text"
          },
          "sensitive_attributes": [],
          "private": "bnVsbA==",
          "dependencies": [
            "discord_category_channel.bkkchangelog_category"
          ]
        }
      ]
    },
    {
      "mode": "managed",
      "type": "discord_text_channel",
      "name": "fillyouintheblank_text",
      "provider": "provider[\"registry.terraform.io/aequasi/discord\"]",
      "instances": [
        {
          "schema_version": 0,
          "attributes": {
            "category": "1079339713539866694",
            "id": "1079339715230183484",
            "name": "fill-you-in-the-blank",
            "nsfw": false,
            "position": 1,
            "server_id": "1062609208106832002",
            "sync_perms_with_category": true,
            "topic": "",
            "type": "text"
          },
          "sensitive_attributes": [],
          "private": "bnVsbA==",
          "dependencies": [
            "discord_category_channel.fillyouintheblank_category"
          ]
        }
      ]
    },
    {
      "mode": "managed",
      "type": "discord_text_channel",
      "name": "fillyouintheblank_wikibangkok_text",
      "provider": "provider[\"registry.terraform.io/aequasi/discord\"]",
      "instances": [
        {
          "schema_version": 0,
          "attributes": {
            "category": "1079339713539866694",
            "id": "1083288933552627732",
            "name": "wikibangkok",
            "nsfw": false,
            "position": 1,
            "server_id": "1062609208106832002",
            "sync_perms_with_category": true,
            "topic": null,
            "type": "text"
          },
          "sensitive_attributes": [],
          "private": "bnVsbA==",
          "dependencies": [
            "discord_category_channel.fillyouintheblank_category"
          ]
        }
      ]
    },
    {
      "mode": "managed",
      "type": "discord_text_channel",
      "name": "greenspaces_text",
      "provider": "provider[\"registry.terraform.io/aequasi/discord\"]",
      "instances": [
        {
          "schema_version": 0,
          "attributes": {
            "category": "1079339057840144414",
            "id": "1079339059593351220",
            "name": "green-population",
            "nsfw": false,
            "position": 1,
            "server_id": "1062609208106832002",
            "sync_perms_with_category": true,
            "topic": "",
            "type": "text"
          },
          "sensitive_attributes": [],
          "private": "bnVsbA==",
          "dependencies": [
            "discord_category_channel.greenspaces_category"
          ]
        }
      ]
    },
    {
      "mode": "managed",
      "type": "discord_text_channel",
      "name": "greenspaces_wespace_text",
      "provider": "provider[\"registry.terraform.io/aequasi/discord\"]",
      "instances": [
        {
          "schema_version": 0,
          "attributes": {
            "category": "1079339057840144414",
            "id": "1079653610402615366",
            "name": "we-space",
            "nsfw": false,
            "position": 1,
            "server_id": "1062609208106832002",
            "sync_perms_with_category": true,
            "topic": null,
            "type": "text"
          },
          "sensitive_attributes": [],
          "private": "bnVsbA==",
          "dependencies": [
            "discord_category_channel.greenspaces_category"
          ]
        }
      ]
    },
    {
      "mode": "managed",
      "type": "discord_text_channel",
      "name": "mobility4all_text",
      "provider": "provider[\"registry.terraform.io/aequasi/discord\"]",
      "instances": [
        {
          "schema_version": 0,
          "attributes": {
            "category": "1079694054578716773",
            "id": "1079694055472119888",
            "name": "mobility4all",
            "nsfw": false,
            "position": 1,
            "server_id": "1062609208106832002",
            "sync_perms_with_category": true,
            "topic": null,
            "type": "text"
          },
          "sensitive_attributes": [],
          "private": "bnVsbA==",
          "dependencies": [
            "discord_category_channel.mobility4all_category"
          ]
        }
      ]
    },
    {
      "mode": "managed",
      "type": "discord_text_channel",
      "name": "policytracka_text",
      "provider": "provider[\"registry.terraform.io/aequasi/discord\"]",
      "instances": [
        {
          "schema_version": 0,
          "attributes": {
            "category": "1079365252841484390",
            "id": "1079365254112354335",
            "name": "policytracka",
            "nsfw": false,
            "position": 1,
            "server_id": "1062609208106832002",
            "sync_perms_with_category": true,
            "topic": null,
            "type": "text"
          },
          "sensitive_attributes": [],
          "private": "bnVsbA==",
          "dependencies": [
            "discord_category_channel.policytracka_category"
          ]
        }
      ]
    },
    {
      "mode": "managed",
      "type": "discord_text_channel",
      "name": "ratchagitja_text",
      "provider": "provider[\"registry.terraform.io/aequasi/discord\"]",
      "instances": [
        {
          "schema_version": 0,
          "attributes": {
            "category": "1079338842672353320",
            "id": "1079338844425564230",
            "name": "ratchagitja",
            "nsfw": false,
            "position": 1,
            "server_id": "1062609208106832002",
            "sync_perms_with_category": true,
            "topic": "",
            "type": "text"
          },
          "sensitive_attributes": [],
          "private": "bnVsbA==",
          "dependencies": [
            "discord_category_channel.ratchagitja_category"
          ]
        }
      ]
    },
    {
      "mode": "managed",
      "type": "discord_text_channel",
      "name": "smarttrafficlights_text",
      "provider": "provider[\"registry.terraform.io/aequasi/discord\"]",
      "instances": [
        {
          "schema_version": 0,
          "attributes": {
            "category": "1079339953890283531",
            "id": "1079339955890962502",
            "name": "smart-traffic-lights",
            "nsfw": false,
            "position": 1,
            "server_id": "1062609208106832002",
            "sync_perms_with_category": true,
            "topic": "",
            "type": "text"
          },
          "sensitive_attributes": [],
          "private": "bnVsbA==",
          "dependencies": [
            "discord_category_channel.smarttrafficlights_category"
          ]
        }
      ]
    },
    {
      "mode": "managed",
      "type": "discord_text_channel",
      "name": "spendingvisualizer_text",
      "provider": "provider[\"registry.terraform.io/aequasi/discord\"]",
      "instances": [
        {
          "schema_version": 0,
          "attributes": {
            "category": "1083352065650204756",
            "id": "1083352066694582372",
            "name": "spending-visualizer",
            "nsfw": false,
            "position": 1,
            "server_id": "1062609208106832002",
            "sync_perms_with_category": true,
            "topic": null,
            "type": "text"
          },
          "sensitive_attributes": [],
          "private": "bnVsbA==",
          "dependencies": [
            "discord_category_channel.spendingvisualizer_category"
          ]
        }
      ]
    },
    {
      "mode": "managed",
      "type": "discord_text_channel",
      "name": "thailandarearanking_text",
      "provider": "provider[\"registry.terraform.io/aequasi/discord\"]",
      "instances": [
        {
          "schema_version": 0,
          "attributes": {
            "category": "1084432658563608667",
            "id": "1084432659385679983",
            "name": "thailand-area-ranking",
            "nsfw": false,
            "position": 1,
            "server_id": "1062609208106832002",
            "sync_perms_with_category": true,
            "topic": null,
            "type": "text"
          },
          "sensitive_attributes": [],
          "private": "bnVsbA==",
          "dependencies": [
            "discord_category_channel.thailandarearanking_category"
          ]
        }
      ]
    }
  ],
  "check_results": null
}
